
Microsoft Visual Studio Solution File, Format Version 12.00
# Visual Studio Version 16
VisualStudioVersion = 16.0.31702.278
MinimumVisualStudioVersion = 10.0.40219.1
Project("{FAE04EC0-301F-11D3-BF4B-00C04F79EFBC}") = "MVCAuthentication_0", "MVCAuthentication_0\MVCAuthentication_0.csproj", "{5E89A489-DEF5-4065-8138-3DCE2E6D9811}"
EndProject
Global
	GlobalSection(SolutionConfigurationPlatforms) = preSolution
		Debug|Any CPU = Debug|Any CPU
		Release|Any CPU = Release|Any CPU
	EndGlobalSection
	GlobalSection(ProjectConfigurationPlatforms) = postSolution
		{5E89A489-DEF5-4065-8138-3DCE2E6D9811}.Debug|Any CPU.ActiveCfg = Debug|Any CPU
		{5E89A489-DEF5-4065-8138-3DCE2E6D9811}.Debug|Any CPU.Build.0 = Debug|Any CPU
		{5E89A489-DEF5-4065-8138-3DCE2E6D9811}.Release|Any CPU.ActiveCfg = Release|Any CPU
		{5E89A489-DEF5-4065-8138-3DCE2E6D9811}.Release|Any CPU.Build.0 = Release|Any CPU
	EndGlobalSection
	GlobalSection(SolutionProperties) = preSolution
		HideSolutionNode = FALSE
	EndGlobalSection
	GlobalSection(ExtensibilityGlobals) = postSolution
		SolutionGuid = {BAFE0F38-0C8C-4250-BBE3-5ECF167A3350}
	EndGlobalSection
EndGlobal
